
Microsoft Visual Studio Solution File, Format Version 12.00
# Visual Studio Version 16
VisualStudioVersion = 16.0.30011.22
MinimumVisualStudioVersion = 10.0.40219.1
Project("{2150E333-8FDC-42A3-9474-1A3956D46DE8}") = "samples", "samples", "{1F572C5C-734C-401F-9081-F713FC7E417D}"
EndProject
Project("{9A19103F-16F7-4668-BE54-9A1E7A4F7556}") = "OpcUaClientTest", "OpcUaClientTest\OpcUaClientTest.csproj", "{2AB8B6BE-16B7-499C-B821-EB92A6D8B06D}"
EndProject
Project("{9A19103F-16F7-4668-BE54-9A1E7A4F7556}") = "PLC.Drive.S7.NetCore", "PLC.Drive.S7.NetCore\PLC.Drive.S7.NetCore.csproj", "{DE2797D9-AB53-47DD-BEE6-B5D681A0D6AD}"
EndProject
Project("{9A19103F-16F7-4668-BE54-9A1E7A4F7556}") = "ParallelSampleTest", "ParallelSampleTest\ParallelSampleTest.csproj", "{C18B040A-6AE3-4833-BED9-A70EBDCB232E}"
EndProject
Project("{9A19103F-16F7-4668-BE54-9A1E7A4F7556}") = "DataGenerator", "DataGenerator\DataGenerator.csproj", "{888DF44B-0E0C-47E4-909E-132E61778E73}"
EndProject
Project("{FAE04EC0-301F-11D3-BF4B-00C04F79EFBC}") = "S7.Test", "S7.Test\S7.Test.csproj", "{8C4C715C-88B7-47E3-BD0B-9F8978916B3D}"
EndProject
Project("{FAE04EC0-301F-11D3-BF4B-00C04F79EFBC}") = "Terminal.Collector.Service", "Terminal.Collector.Service\Terminal.Collector.Service.csproj", "{D8931278-7BD8-4588-95DF-CDD5C92B4A6A}"
EndProject
Project("{FAE04EC0-301F-11D3-BF4B-00C04F79EFBC}") = "Terminal.Collector.Core", "Terminal.Collector.Core\Terminal.Collector.Core.csproj", "{FA03398B-C847-4256-B30B-C2C5E09A8EF1}"
EndProject
Global
	GlobalSection(SolutionConfigurationPlatforms) = preSolution
		Debug|Any CPU = Debug|Any CPU
		Release|Any CPU = Release|Any CPU
	EndGlobalSection
	GlobalSection(ProjectConfigurationPlatforms) = postSolution
		{2AB8B6BE-16B7-499C-B821-EB92A6D8B06D}.Debug|Any CPU.ActiveCfg = Debug|Any CPU
		{2AB8B6BE-16B7-499C-B821-EB92A6D8B06D}.Debug|Any CPU.Build.0 = Debug|Any CPU
		{2AB8B6BE-16B7-499C-B821-EB92A6D8B06D}.Release|Any CPU.ActiveCfg = Release|Any CPU
		{2AB8B6BE-16B7-499C-B821-EB92A6D8B06D}.Release|Any CPU.Build.0 = Release|Any CPU
		{DE2797D9-AB53-47DD-BEE6-B5D681A0D6AD}.Debug|Any CPU.ActiveCfg = Debug|Any CPU
		{DE2797D9-AB53-47DD-BEE6-B5D681A0D6AD}.Debug|Any CPU.Build.0 = Debug|Any CPU
		{DE2797D9-AB53-47DD-BEE6-B5D681A0D6AD}.Release|Any CPU.ActiveCfg = Release|Any CPU
		{DE2797D9-AB53-47DD-BEE6-B5D681A0D6AD}.Release|Any CPU.Build.0 = Release|Any CPU
		{C18B040A-6AE3-4833-BED9-A70EBDCB232E}.Debug|Any CPU.ActiveCfg = Debug|Any CPU
		{C18B040A-6AE3-4833-BED9-A70EBDCB232E}.Debug|Any CPU.Build.0 = Debug|Any CPU
		{C18B040A-6AE3-4833-BED9-A70EBDCB232E}.Release|Any CPU.ActiveCfg = Release|Any CPU
		{C18B040A-6AE3-4833-BED9-A70EBDCB232E}.Release|Any CPU.Build.0 = Release|Any CPU
		{888DF44B-0E0C-47E4-909E-132E61778E73}.Debug|Any CPU.ActiveCfg = Debug|Any CPU
		{888DF44B-0E0C-47E4-909E-132E61778E73}.Debug|Any CPU.Build.0 = Debug|Any CPU
		{888DF44B-0E0C-47E4-909E-132E61778E73}.Release|Any CPU.ActiveCfg = Release|Any CPU
		{888DF44B-0E0C-47E4-909E-132E61778E73}.Release|Any CPU.Build.0 = Release|Any CPU
		{8C4C715C-88B7-47E3-BD0B-9F8978916B3D}.Debug|Any CPU.ActiveCfg = Debug|Any CPU
		{8C4C715C-88B7-47E3-BD0B-9F8978916B3D}.Debug|Any CPU.Build.0 = Debug|Any CPU
		{8C4C715C-88B7-47E3-BD0B-9F8978916B3D}.Release|Any CPU.ActiveCfg = Release|Any CPU
		{8C4C715C-88B7-47E3-BD0B-9F8978916B3D}.Release|Any CPU.Build.0 = Release|Any CPU
		{D8931278-7BD8-4588-95DF-CDD5C92B4A6A}.Debug|Any CPU.ActiveCfg = Debug|Any CPU
		{D8931278-7BD8-4588-95DF-CDD5C92B4A6A}.Debug|Any CPU.Build.0 = Debug|Any CPU
		{D8931278-7BD8-4588-95DF-CDD5C92B4A6A}.Release|Any CPU.ActiveCfg = Release|Any CPU
		{D8931278-7BD8-4588-95DF-CDD5C92B4A6A}.Release|Any CPU.Build.0 = Release|Any CPU
		{FA03398B-C847-4256-B30B-C2C5E09A8EF1}.Debug|Any CPU.ActiveCfg = Debug|Any CPU
		{FA03398B-C847-4256-B30B-C2C5E09A8EF1}.Debug|Any CPU.Build.0 = Debug|Any CPU
		{FA03398B-C847-4256-B30B-C2C5E09A8EF1}.Release|Any CPU.ActiveCfg = Release|Any CPU
		{FA03398B-C847-4256-B30B-C2C5E09A8EF1}.Release|Any CPU.Build.0 = Release|Any CPU
	EndGlobalSection
	GlobalSection(SolutionProperties) = preSolution
		HideSolutionNode = FALSE
	EndGlobalSection
	GlobalSection(NestedProjects) = preSolution
		{2AB8B6BE-16B7-499C-B821-EB92A6D8B06D} = {1F572C5C-734C-401F-9081-F713FC7E417D}
		{C18B040A-6AE3-4833-BED9-A70EBDCB232E} = {1F572C5C-734C-401F-9081-F713FC7E417D}
		{888DF44B-0E0C-47E4-909E-132E61778E73} = {1F572C5C-734C-401F-9081-F713FC7E417D}
	EndGlobalSection
	GlobalSection(ExtensibilityGlobals) = postSolution
		SolutionGuid = {F4409729-5968-47D0-B488-C99CD92E1B9D}
	EndGlobalSection
EndGlobal
